
Microsoft Visual Studio Solution File, Format Version 12.00
# Visual Studio Version 17
VisualStudioVersion = 17.0.31903.59
MinimumVisualStudioVersion = 10.0.40219.1
Project("{FAE04EC0-301F-11D3-BF4B-00C04F79EFBC}") = "AI Core 1.5", "AICore\Source\1.5.csproj", "{0067BAE0-20B4-4399-9BEE-7A1CC95DAACB}"
EndProject
Project("{FAE04EC0-301F-11D3-BF4B-00C04F79EFBC}") = "AI Core 1.4", "AICore\Source\1.4.csproj", "{58AB4E43-2BF8-4398-B78E-EBF941D2A0C2}"
EndProject
Project("{FAE04EC0-301F-11D3-BF4B-00C04F79EFBC}") = "AI Items 1.5", "AIItems\Source\1.5.csproj", "{D25A1DAE-6452-456F-8CFF-FECC7EF1AFFB}"
EndProject
Project("{FAE04EC0-301F-11D3-BF4B-00C04F79EFBC}") = "AI Items 1.4", "AIItems\Source\1.4.csproj", "{8724A494-A289-4E74-B39A-0F9C4D27223F}"
EndProject
Global
	GlobalSection(SolutionConfigurationPlatforms) = preSolution
		Debug|Any CPU = Debug|Any CPU
		Release|Any CPU = Release|Any CPU
	EndGlobalSection
	GlobalSection(SolutionProperties) = preSolution
		HideSolutionNode = FALSE
	EndGlobalSection
	GlobalSection(ProjectConfigurationPlatforms) = postSolution
		{0067BAE0-20B4-4399-9BEE-7A1CC95DAACB}.Debug|Any CPU.ActiveCfg = Debug|Any CPU
		{0067BAE0-20B4-4399-9BEE-7A1CC95DAACB}.Debug|Any CPU.Build.0 = Debug|Any CPU
		{0067BAE0-20B4-4399-9BEE-7A1CC95DAACB}.Release|Any CPU.ActiveCfg = Release|Any CPU
		{0067BAE0-20B4-4399-9BEE-7A1CC95DAACB}.Release|Any CPU.Build.0 = Release|Any CPU
		{58AB4E43-2BF8-4398-B78E-EBF941D2A0C2}.Debug|Any CPU.ActiveCfg = Debug|Any CPU
		{58AB4E43-2BF8-4398-B78E-EBF941D2A0C2}.Debug|Any CPU.Build.0 = Debug|Any CPU
		{58AB4E43-2BF8-4398-B78E-EBF941D2A0C2}.Release|Any CPU.ActiveCfg = Release|Any CPU
		{58AB4E43-2BF8-4398-B78E-EBF941D2A0C2}.Release|Any CPU.Build.0 = Release|Any CPU
		{D25A1DAE-6452-456F-8CFF-FECC7EF1AFFB}.Debug|Any CPU.ActiveCfg = Debug|Any CPU
		{D25A1DAE-6452-456F-8CFF-FECC7EF1AFFB}.Debug|Any CPU.Build.0 = Debug|Any CPU
		{D25A1DAE-6452-456F-8CFF-FECC7EF1AFFB}.Release|Any CPU.ActiveCfg = Release|Any CPU
		{D25A1DAE-6452-456F-8CFF-FECC7EF1AFFB}.Release|Any CPU.Build.0 = Release|Any CPU
		{8724A494-A289-4E74-B39A-0F9C4D27223F}.Debug|Any CPU.ActiveCfg = Debug|Any CPU
		{8724A494-A289-4E74-B39A-0F9C4D27223F}.Debug|Any CPU.Build.0 = Debug|Any CPU
		{8724A494-A289-4E74-B39A-0F9C4D27223F}.Release|Any CPU.ActiveCfg = Release|Any CPU
		{8724A494-A289-4E74-B39A-0F9C4D27223F}.Release|Any CPU.Build.0 = Release|Any CPU
	EndGlobalSection
EndGlobal